
Microsoft Visual Studio Solution File, Format Version 12.00
# Visual Studio Version 17
VisualStudioVersion = 17.14.37012.4 d17.14
MinimumVisualStudioVersion = 10.0.40219.1
Project("{FAE04EC0-301F-11D3-BF4B-00C04F79EFBC}") = "DotNETCoreDiscordBot", "DotNETCoreDiscordBot.csproj", "{3FEE72BD-5B67-40DA-99C7-A72B68B09DDB}"
EndProject
Global
	GlobalSection(SolutionConfigurationPlatforms) = preSolution
		Debug|Any CPU = Debug|Any CPU
		Release|Any CPU = Release|Any CPU
	EndGlobalSection
	GlobalSection(ProjectConfigurationPlatforms) = postSolution
		{3FEE72BD-5B67-40DA-99C7-A72B68B09DDB}.Debug|Any CPU.ActiveCfg = Debug|Any CPU
		{3FEE72BD-5B67-40DA-99C7-A72B68B09DDB}.Debug|Any CPU.Build.0 = Debug|Any CPU
		{3FEE72BD-5B67-40DA-99C7-A72B68B09DDB}.Release|Any CPU.ActiveCfg = Release|Any CPU
		{3FEE72BD-5B67-40DA-99C7-A72B68B09DDB}.Release|Any CPU.Build.0 = Release|Any CPU
	EndGlobalSection
	GlobalSection(SolutionProperties) = preSolution
		HideSolutionNode = FALSE
	EndGlobalSection
	GlobalSection(ExtensibilityGlobals) = postSolution
		SolutionGuid = {BCB427A7-BC2B-4308-8272-C4CD807F0E68}
	EndGlobalSection
EndGlobal
